Microsoft Visual Studio Solution File, Format Version 12.00
# Visual Studio Version 17
VisualStudioVersion = 17.5.2.0
MinimumVisualStudioVersion = 10.0.40219.1
Project("{FAE04EC0-301F-11D3-BF4B-00C04F79EFBC}") = "3-day-project-c-Elijah-Livingston-Student", "3-day-project-c-Elijah-Livingston-Student.csproj", "{8150F2C4-3056-E9A7-1F3F-1387A844DCB1}"
EndProject
Global
	GlobalSection(SolutionConfigurationPlatforms) = preSolution
		Debug|Any CPU = Debug|Any CPU
		Release|Any CPU = Release|Any CPU
	EndGlobalSection
	GlobalSection(ProjectConfigurationPlatforms) = postSolution
		{8150F2C4-3056-E9A7-1F3F-1387A844DCB1}.Debug|Any CPU.ActiveCfg = Debug|Any CPU
		{8150F2C4-3056-E9A7-1F3F-1387A844DCB1}.Debug|Any CPU.Build.0 = Debug|Any CPU
		{8150F2C4-3056-E9A7-1F3F-1387A844DCB1}.Release|Any CPU.ActiveCfg = Release|Any CPU
		{8150F2C4-3056-E9A7-1F3F-1387A844DCB1}.Release|Any CPU.Build.0 = Release|Any CPU
	EndGlobalSection
	GlobalSection(SolutionProperties) = preSolution
		HideSolutionNode = FALSE
	EndGlobalSection
	GlobalSection(ExtensibilityGlobals) = postSolution
		SolutionGuid = {0969A933-4E82-420B-8704-FD0E8A034768}
	EndGlobalSection
EndGlobal
